
Microsoft Visual Studio Solution File, Format Version 12.00
# Visual Studio 15
VisualStudioVersion = 15.0.26730.8
MinimumVisualStudioVersion = 10.0.40219.1
Project("{2150E333-8FDC-42A3-9474-1A3956D46DE8}") = "Solution Items", "Solution Items", "{95EC7837-0507-4DA9-8EBB-C10D316B7A4A}"
	ProjectSection(SolutionItems) = preProject
		.editorconfig = .editorconfig
		appveyor.yml = appveyor.yml
		NuGet.config = NuGet.config
		RepositoryInfo.xml = RepositoryInfo.xml
		Common\Shared.props = Common\Shared.props
		Common\SharedKey.snk = Common\SharedKey.snk
	EndProjectSection
EndProject
Project("{9A19103F-16F7-4668-BE54-9A1E7A4F7556}") = "CK.CodeGen", "CK.CodeGen\CK.CodeGen.csproj", "{CBFA1F75-E963-4579-8BA1-7EC7508E98AA}"
EndProject
Project("{2150E333-8FDC-42A3-9474-1A3956D46DE8}") = "Tests", "Tests", "{24E13C0A-5D83-4E5A-8E43-67F3996CD903}"
EndProject
Project("{9A19103F-16F7-4668-BE54-9A1E7A4F7556}") = "CK.CodeGen.Tests", "Tests\CK.CodeGen.Tests\CK.CodeGen.Tests.csproj", "{00CAF176-BF0D-4544-A72E-C4F595ACD565}"
EndProject
Project("{FAE04EC0-301F-11D3-BF4B-00C04F79EFBC}") = "CodeCakeBuilder", "CodeCakeBuilder\CodeCakeBuilder.csproj", "{FD4817B6-3CD7-4E74-AA10-7CA95FDFCF2D}"
EndProject
Project("{9A19103F-16F7-4668-BE54-9A1E7A4F7556}") = "CK.CodeGen.NetCore.Tests", "Tests\CK.CodeGen.NetCore.Tests\CK.CodeGen.NetCore.Tests.csproj", "{38AB5ADD-0BDF-4AD7-B2D6-70DF959865E1}"
EndProject
Project("{9A19103F-16F7-4668-BE54-9A1E7A4F7556}") = "CK.CodeGen.Abstractions", "CK.CodeGen.Abstractions\CK.CodeGen.Abstractions.csproj", "{5A38CA78-0AF5-4CB2-9C9D-13B556D5C8D2}"
EndProject
Project("{9A19103F-16F7-4668-BE54-9A1E7A4F7556}") = "CK.CodeGen.Abstractions.Tests", "Tests\CK.CodeGen.Abstractions.Tests\CK.CodeGen.Abstractions.Tests.csproj", "{1DD53F9C-7449-4C29-B008-00D4DFC25A78}"
EndProject
Global
	GlobalSection(SolutionConfigurationPlatforms) = preSolution
		Debug|Any CPU = Debug|Any CPU
		Release|Any CPU = Release|Any CPU
	EndGlobalSection
	GlobalSection(ProjectConfigurationPlatforms) = postSolution
		{CBFA1F75-E963-4579-8BA1-7EC7508E98AA}.Debug|Any CPU.ActiveCfg = Debug|Any CPU
		{CBFA1F75-E963-4579-8BA1-7EC7508E98AA}.Debug|Any CPU.Build.0 = Debug|Any CPU
		{CBFA1F75-E963-4579-8BA1-7EC7508E98AA}.Release|Any CPU.ActiveCfg = Release|Any CPU
		{CBFA1F75-E963-4579-8BA1-7EC7508E98AA}.Release|Any CPU.Build.0 = Release|Any CPU
		{00CAF176-BF0D-4544-A72E-C4F595ACD565}.Debug|Any CPU.ActiveCfg = Debug|Any CPU
		{00CAF176-BF0D-4544-A72E-C4F595ACD565}.Debug|Any CPU.Build.0 = Debug|Any CPU
		{00CAF176-BF0D-4544-A72E-C4F595ACD565}.Release|Any CPU.ActiveCfg = Release|Any CPU
		{00CAF176-BF0D-4544-A72E-C4F595ACD565}.Release|Any CPU.Build.0 = Release|Any CPU
		{FD4817B6-3CD7-4E74-AA10-7CA95FDFCF2D}.Debug|Any CPU.ActiveCfg = Debug|Any CPU
		{FD4817B6-3CD7-4E74-AA10-7CA95FDFCF2D}.Debug|Any CPU.Build.0 = Debug|Any CPU
		{FD4817B6-3CD7-4E74-AA10-7CA95FDFCF2D}.Release|Any CPU.ActiveCfg = Release|Any CPU
		{FD4817B6-3CD7-4E74-AA10-7CA95FDFCF2D}.Release|Any CPU.Build.0 = Release|Any CPU
		{38AB5ADD-0BDF-4AD7-B2D6-70DF959865E1}.Debug|Any CPU.ActiveCfg = Debug|Any CPU
		{38AB5ADD-0BDF-4AD7-B2D6-70DF959865E1}.Debug|Any CPU.Build.0 = Debug|Any CPU
		{38AB5ADD-0BDF-4AD7-B2D6-70DF959865E1}.Release|Any CPU.ActiveCfg = Release|Any CPU
		{38AB5ADD-0BDF-4AD7-B2D6-70DF959865E1}.Release|Any CPU.Build.0 = Release|Any CPU
		{5A38CA78-0AF5-4CB2-9C9D-13B556D5C8D2}.Debug|Any CPU.ActiveCfg = Debug|Any CPU
		{5A38CA78-0AF5-4CB2-9C9D-13B556D5C8D2}.Debug|Any CPU.Build.0 = Debug|Any CPU
		{5A38CA78-0AF5-4CB2-9C9D-13B556D5C8D2}.Release|Any CPU.ActiveCfg = Release|Any CPU
		{5A38CA78-0AF5-4CB2-9C9D-13B556D5C8D2}.Release|Any CPU.Build.0 = Release|Any CPU
		{1DD53F9C-7449-4C29-B008-00D4DFC25A78}.Debug|Any CPU.ActiveCfg = Debug|Any CPU
		{1DD53F9C-7449-4C29-B008-00D4DFC25A78}.Debug|Any CPU.Build.0 = Debug|Any CPU
		{1DD53F9C-7449-4C29-B008-00D4DFC25A78}.Release|Any CPU.ActiveCfg = Release|Any CPU
		{1DD53F9C-7449-4C29-B008-00D4DFC25A78}.Release|Any CPU.Build.0 = Release|Any CPU
	EndGlobalSection
	GlobalSection(SolutionProperties) = preSolution
		HideSolutionNode = FALSE
	EndGlobalSection
	GlobalSection(NestedProjects) = preSolution
		{00CAF176-BF0D-4544-A72E-C4F595ACD565} = {24E13C0A-5D83-4E5A-8E43-67F3996CD903}
		{38AB5ADD-0BDF-4AD7-B2D6-70DF959865E1} = {24E13C0A-5D83-4E5A-8E43-67F3996CD903}
		{1DD53F9C-7449-4C29-B008-00D4DFC25A78} = {24E13C0A-5D83-4E5A-8E43-67F3996CD903}
	EndGlobalSection
	GlobalSection(ExtensibilityGlobals) = postSolution
		SolutionGuid = {D64A2416-4038-4160-8C77-029C379EEEFA}
	EndGlobalSection
EndGlobal
